# This file is automatically @generated by Poetry 2.2.1 and should not be changed by hand.

[[package]]
name = "anyio"
version = "4.11.0"
description = "High-level concurrency and networking framework on top of asyncio or Trio"
optional = false
python-versions = ">=3.9"
groups = ["main"]
files = [
    {file = "anyio-4.11.0-py3-none-any.whl", hash = "sha256:0287e96f4d26d4149305414d4e3bc32f0dcd0862365a4bddea19d7a1ec38c4fc"},
    {file = "anyio-4.11.0.tar.gz", hash = "sha256:82a8d0b81e318cc5ce71a5f1f8b5c4e63619620b63141ef8c995fa0db95a57c4"},
]

[package.dependencies]
idna = ">=2.8"
sniffio = ">=1.1"
typing_extensions = {version = ">=4.5", markers = "python_version < \"3.13\""}

[package.extras]
trio = ["trio (>=0.31.0)"]

[[package]]
name = "certifi"
version = "2025.11.12"
description = "Python package for providing Mozilla's CA Bundle."
optional = false
python-versions = ">=3.7"
groups = ["main"]
files = [
    {file = "certifi-2025.11.12-py3-none-any.whl", hash = "sha256:97de8790030bbd5c2d96b7ec782fc2f7820ef8dba6db909ccf95449f2d062d4b"},
    {file = "certifi-2025.11.12.tar.gz", hash = "sha256:d8ab5478f2ecd78af242878415affce761ca6bc54a22a27e026d7c25357c3316"},
]

[[package]]
name = "datetime"
version = "5.5"
description = "This package provides a DateTime data type, as known from Zope. Unless you need to communicate with Zope APIs, you're probably better off using Python's built-in datetime module."
optional = false
python-versions = ">=3.7"
groups = ["main"]
files = [
    {file = "DateTime-5.5-py3-none-any.whl", hash = "sha256:0abf6c51cb4ba7cee775ca46ccc727f3afdde463be28dbbe8803631fefd4a120"},
    {file = "DateTime-5.5.tar.gz", hash = "sha256:21ec6331f87a7fcb57bd7c59e8a68bfffe6fcbf5acdbbc7b356d6a9a020191d3"},
]

[package.dependencies]
pytz = "*"
"zope.interface" = "*"

[[package]]
name = "dotenv"
version = "0.9.9"
description = "Deprecated package"
optional = false
python-versions = "*"
groups = ["main"]
files = [
    {file = "dotenv-0.9.9-py2.py3-none-any.whl", hash = "sha256:29cf74a087b31dafdb5a446b6d7e11cbce8ed2741540e2339c69fbef92c94ce9"},
]

[package.dependencies]
python-dotenv = "*"

[[package]]
name = "h11"
version = "0.16.0"
description = "A pure-Python, bring-your-own-I/O implementation of HTTP/1.1"
optional = false
python-versions = ">=3.8"
groups = ["main"]
files = [
    {file = "h11-0.16.0-py3-none-any.whl", hash = "sha256:63cf8bbe7522de3bf65932fda1d9c2772064ffb3dae62d55932da54b31cb6c86"},
    {file = "h11-0.16.0.tar.gz", hash = "sha256:4e35b956cf45792e4caa5885e69fba00bdbc6ffafbfa020300e549b208ee5ff1"},
]

[[package]]
name = "httpcore"
version = "1.0.9"
description = "A minimal low-level HTTP client."
optional = false
python-versions = ">=3.8"
groups = ["main"]
files = [
    {file = "httpcore-1.0.9-py3-none-any.whl", hash = "sha256:2d400746a40668fc9dec9810239072b40b4484b640a8c38fd654a024c7a1bf55"},
    {file = "httpcore-1.0.9.tar.gz", hash = "sha256:6e34463af53fd2ab5d807f399a9b45ea31c3dfa2276f15a2c3f00afff6e176e8"},
]

[package.dependencies]
certifi = "*"
h11 = ">=0.16"

[package.extras]
asyncio = ["anyio (>=4.0,<5.0)"]
http2 = ["h2 (>=3,<5)"]
socks = ["socksio (==1.*)"]
trio = ["trio (>=0.22.0,<1.0)"]

[[package]]
name = "httpx"
version = "0.28.1"
description = "The next generation HTTP client."
optional = false
python-versions = ">=3.8"
groups = ["main"]
files = [
    {file = "httpx-0.28.1-py3-none-any.whl", hash = "sha256:d909fcccc110f8c7faf814ca82a9a4d816bc5a6dbfea25d6591d6985b8ba59ad"},
    {file = "httpx-0.28.1.tar.gz", hash = "sha256:75e98c5f16b0f35b567856f597f06ff2270a374470a5c2392242528e3e3e42fc"},
]

[package.dependencies]
anyio = "*"
certifi = "*"
httpcore = "==1.*"
idna = "*"

[package.extras]
brotli = ["brotli ; platform_python_implementation == \"CPython\"", "brotlicffi ; platform_python_implementation != \"CPython\""]
cli = ["click (==8.*)", "pygments (==2.*)", "rich (>=10,<14)"]
http2 = ["h2 (>=3,<5)"]
socks = ["socksio (==1.*)"]
zstd = ["zstandard (>=0.18.0)"]

[[package]]
name = "idna"
version = "3.11"
description = "Internationalized Domain Names in Applications (IDNA)"
optional = false
python-versions = ">=3.8"
groups = ["main"]
files = [
    {file = "idna-3.11-py3-none-any.whl", hash = "sha256:771a87f49d9defaf64091e6e6fe9c18d4833f140bd19464795bc32d966ca37ea"},
    {file = "idna-3.11.tar.gz", hash = "sha256:795dafcc9c04ed0c1fb032c2aa73654d8e8c5023a7df64a53f39190ada629902"},
]

[package.extras]
all = ["flake8 (>=7.1.1)", "mypy (>=1.11.2)", "pytest (>=8.3.2)", "ruff (>=0.6.2)"]

[[package]]
name = "notion-client"
version = "2.7.0"
description = "Python client for the official Notion API"
optional = false
python-versions = "<4,>=3.8"
groups = ["main"]
files = [
    {file = "notion_client-2.7.0-py2.py3-none-any.whl", hash = "sha256:9057a8ac2103ff245556c2a5102bde1d2ccdd3505f66bcc130fc31857731d91e"},
    {file = "notion_client-2.7.0.tar.gz", hash = "sha256:31bde3ae03ede77650cadce136152916efdd86579ff65f49fc6705fbe462e2fb"},
]

[package.dependencies]
httpx = ">=0.23.0"

[[package]]
name = "python-dotenv"
version = "1.2.1"
description = "Read key-value pairs from a .env file and set them as environment variables"
optional = false
python-versions = ">=3.9"
groups = ["main"]
files = [
    {file = "python_dotenv-1.2.1-py3-none-any.whl", hash = "sha256:b81ee9561e9ca4004139c6cbba3a238c32b03e4894671e181b671e8cb8425d61"},
    {file = "python_dotenv-1.2.1.tar.gz", hash = "sha256:42667e897e16ab0d66954af0e60a9caa94f0fd4ecf3aaf6d2d260eec1aa36ad6"},
]

[package.extras]
cli = ["click (>=5.0)"]

[[package]]
name = "pytz"
version = "2025.2"
description = "World timezone definitions, modern and historical"
optional = false
python-versions = "*"
groups = ["main"]
files = [
    {file = "pytz-2025.2-py2.py3-none-any.whl", hash = "sha256:5ddf76296dd8c44c26eb8f4b6f35488f3ccbf6fbbd7adee0b7262d43f0ec2f00"},
    {file = "pytz-2025.2.tar.gz", hash = "sha256:360b9e3dbb49a209c21ad61809c7fb453643e048b38924c765813546746e81c3"},
]

[[package]]
name = "sniffio"
version = "1.3.1"
description = "Sniff out which async library your code is running under"
optional = false
python-versions = ">=3.7"
groups = ["main"]
files = [
    {file = "sniffio-1.3.1-py3-none-any.whl", hash = "sha256:2f6da418d1f1e0fddd844478f41680e794e6051915791a034ff65e5f100525a2"},
    {file = "sniffio-1.3.1.tar.gz", hash = "sha256:f4324edc670a0f49750a81b895f35c3adb843cca46f0530f79fc1babb23789dc"},
]

[[package]]
name = "typing-extensions"
version = "4.15.0"
description = "Backported and Experimental Type Hints for Python 3.9+"
optional = false
python-versions = ">=3.9"
groups = ["main"]
files = [
    {file = "typing_extensions-4.15.0-py3-none-any.whl", hash = "sha256:f0fa19c6845758ab08074a0cfa8b7aecb71c999ca73d62883bc25cc018c4e548"},
    {file = "typing_extensions-4.15.0.tar.gz", hash = "sha256:0cea48d173cc12fa28ecabc3b837ea3cf6f38c6d1136f85cbaaf598984861466"},
]

[[package]]
name = "zope-interface"
version = "8.1.1"
description = "Interfaces for Python"
optional = false
python-versions = ">=3.10"
groups = ["main"]
files = [
    {file = "zope_interface-8.1.1-cp310-cp310-macosx_10_9_x86_64.whl", hash = "sha256:5c6b12b656c7d7e3d79cad8e2afc4a37eae6b6076e2c209a33345143148e435e"},
    {file = "zope_interface-8.1.1-cp310-cp310-macosx_11_0_arm64.whl", hash = "sha256:557c0f1363c300db406e9eeaae8ab6d1ba429d4fed60d8ab7dadab5ca66ccd35"},
    {file = "zope_interface-8.1.1-cp310-cp310-manylinux1_i686.manylinux2014_i686.manylinux_2_17_i686.manylinux_2_5_i686.whl", hash = "sha256:127b0e4c873752b777721543cf8525b3db5e76b88bd33bab807f03c568e9003f"},
    {file = "zope_interface-8.1.1-cp310-cp310-manylinux1_x86_64.manylinux2014_x86_64.manylinux_2_17_x86_64.manylinux_2_5_x86_64.whl", hash = "sha256:e0892c9d2dd47b45f62d1861bcae8b427fcc49b4a04fff67f12c5c55e56654d7"},
    {file = "zope_interface-8.1.1-cp310-cp310-manylinux2014_aarch64.manylinux_2_17_aarch64.whl", hash = "sha256:ff8a92dc8c8a2c605074e464984e25b9b5a8ac9b2a0238dd73a0f374df59a77e"},
    {file = "zope_interface-8.1.1-cp310-cp310-win_amd64.whl", hash = "sha256:54627ddf6034aab1f506ba750dd093f67d353be6249467d720e9f278a578efe5"},
    {file = "zope_interface-8.1.1-cp311-cp311-macosx_10_9_x86_64.whl", hash = "sha256:e8a0fdd5048c1bb733e4693eae9bc4145a19419ea6a1c95299318a93fe9f3d72"},
    {file = "zope_interface-8.1.1-cp311-cp311-macosx_11_0_arm64.whl", hash = "sha256:a4cb0ea75a26b606f5bc8524fbce7b7d8628161b6da002c80e6417ce5ec757c0"},
    {file = "zope_interface-8.1.1-cp311-cp311-manylinux1_i686.manylinux2014_i686.manylinux_2_17_i686.manylinux_2_5_i686.whl", hash = "sha256:c267b00b5a49a12743f5e1d3b4beef45479d696dab090f11fe3faded078a5133"},
    {file = "zope_interface-8.1.1-cp311-cp311-manylinux1_x86_64.manylinux2014_x86_64.manylinux_2_17_x86_64.manylinux_2_5_x86_64.whl", hash = "sha256:e25d3e2b9299e7ec54b626573673bdf0d740cf628c22aef0a3afef85b438aa54"},
    {file = "zope_interface-8.1.1-cp311-cp311-manylinux2014_aarch64.manylinux_2_17_aarch64.whl", hash = "sha256:63db1241804417aff95ac229c13376c8c12752b83cc06964d62581b493e6551b"},
    {file = "zope_interface-8.1.1-cp311-cp311-win_amd64.whl", hash = "sha256:9639bf4ed07b5277fb231e54109117c30d608254685e48a7104a34618bcbfc83"},
    {file = "zope_interface-8.1.1-cp312-cp312-macosx_10_9_x86_64.whl", hash = "sha256:a16715808408db7252b8c1597ed9008bdad7bf378ed48eb9b0595fad4170e49d"},
    {file = "zope_interface-8.1.1-cp312-cp312-macosx_11_0_arm64.whl", hash = "sha256:ce6b58752acc3352c4aa0b55bbeae2a941d61537e6afdad2467a624219025aae"},
    {file = "zope_interface-8.1.1-cp312-cp312-manylinux1_i686.manylinux2014_i686.manylinux_2_17_i686.manylinux_2_5_i686.whl", hash = "sha256:807778883d07177713136479de7fd566f9056a13aef63b686f0ab4807c6be259"},
    {file = "zope_interface-8.1.1-cp312-cp312-manylinux1_x86_64.manylinux2014_x86_64.manylinux_2_17_x86_64.manylinux_2_5_x86_64.whl", hash = "sha256:50e5eb3b504a7d63dc25211b9298071d5b10a3eb754d6bf2f8ef06cb49f807ab"},
    {file = "zope_interface-8.1.1-cp312-cp312-manylinux2014_aarch64.manylinux_2_17_aarch64.whl", hash = "sha256:eee6f93b2512ec9466cf30c37548fd3ed7bc4436ab29cd5943d7a0b561f14f0f"},
    {file = "zope_interface-8.1.1-cp312-cp312-win_amd64.whl", hash = "sha256:80edee6116d569883c58ff8efcecac3b737733d646802036dc337aa839a5f06b"},
    {file = "zope_interface-8.1.1-cp313-cp313-macosx_10_9_x86_64.whl", hash = "sha256:84f9be6d959640de9da5d14ac1f6a89148b16da766e88db37ed17e936160b0b1"},
    {file = "zope_interface-8.1.1-cp313-cp313-macosx_11_0_arm64.whl", hash = "sha256:531fba91dcb97538f70cf4642a19d6574269460274e3f6004bba6fe684449c51"},
    {file = "zope_interface-8.1.1-cp313-cp313-manylinux1_i686.manylinux2014_i686.manylinux_2_17_i686.manylinux_2_5_i686.whl", hash = "sha256:fc65f5633d5a9583ee8d88d1f5de6b46cd42c62e47757cfe86be36fb7c8c4c9b"},
    {file = "zope_interface-8.1.1-cp313-cp313-manylinux1_x86_64.manylinux2014_x86_64.manylinux_2_17_x86_64.manylinux_2_5_x86_64.whl", hash = "sha256:efef80ddec4d7d99618ef71bc93b88859248075ca2e1ae1c78636654d3d55533"},
    {file = "zope_interface-8.1.1-cp313-cp313-manylinux2014_aarch64.manylinux_2_17_aarch64.whl", hash = "sha256:49aad83525eca3b4747ef51117d302e891f0042b06f32aa1c7023c62642f962b"},
    {file = "zope_interface-8.1.1-cp313-cp313-win_amd64.whl", hash = "sha256:71cf329a21f98cb2bd9077340a589e316ac8a415cac900575a32544b3dffcb98"},
    {file = "zope_interface-8.1.1-cp314-cp314-macosx_10_9_x86_64.whl", hash = "sha256:da311e9d253991ca327601f47c4644d72359bac6950fbb22f971b24cd7850f8c"},
    {file = "zope_interface-8.1.1-cp314-cp314-macosx_11_0_arm64.whl", hash = "sha256:3fb25fca0442c7fb93c4ee40b42e3e033fef2f648730c4b7ae6d43222a3e8946"},
    {file = "zope_interface-8.1.1-cp314-cp314-manylinux1_i686.manylinux2014_i686.manylinux_2_17_i686.manylinux_2_5_i686.whl", hash = "sha256:bac588d0742b4e35efb7c7df1dacc0397b51ed37a17d4169a38019a1cebacf0a"},
    {file = "zope_interface-8.1.1-cp314-cp314-manylinux1_x86_64.manylinux2014_x86_64.manylinux_2_17_x86_64.manylinux_2_5_x86_64.whl", hash = "sha256:3d1f053d2d5e2b393e619bce1e55954885c2e63969159aa521839e719442db49"},
    {file = "zope_interface-8.1.1-cp314-cp314-manylinux2014_aarch64.manylinux_2_17_aarch64.whl", hash = "sha256:64a1ad7f4cb17d948c6bdc525a1d60c0e567b2526feb4fa38b38f249961306b8"},
    {file = "zope_interface-8.1.1-cp314-cp314-win_amd64.whl", hash = "sha256:169214da1b82b7695d1a36f92d70b11166d66b6b09d03df35d150cc62ac52276"},
    {file = "zope_interface-8.1.1.tar.gz", hash = "sha256:51b10e6e8e238d719636a401f44f1e366146912407b58453936b781a19be19ec"},
]

[package.extras]
docs = ["Sphinx", "furo", "repoze.sphinx.autointerface"]
test = ["coverage[toml]", "zope.event", "zope.testing"]
testing = ["coverage[toml]", "zope.event", "zope.testing"]

[metadata]
lock-version = "2.1"
python-versions = "=3.12.12"
content-hash = "2131f85de594b960429e1485c1a72eb6eafedb4ebca2376b708f2822755cd105"
